// !$*UTF8*$!
{
	archiveVersion = 1;
	classes = {
	};
	objectVersion = 46;
	objects = {

/* Begin PBXBuildFile section */
		F8625815170E86E400C952A6 /* UIKit.framework in Frameworks */ = {isa = PBXBuildFile; fileRef = F8625814170E86E400C952A6 /* UIKit.framework */; };
		F8625817170E86E400C952A6 /* Foundation.framework in Frameworks */ = {isa = PBXBuildFile; fileRef = F8625816170E86E400C952A6 /* Foundation.framework */; };
		F8625819170E86E400C952A6 /* CoreGraphics.framework in Frameworks */ = {isa = PBXBuildFile; fileRef = F8625818170E86E400C952A6 /* CoreGraphics.framework */; };
		F862581B170E86E400C952A6 /* CoreData.framework in Frameworks */ = {isa = PBXBuildFile; fileRef = F862581A170E86E400C952A6 /* CoreData.framework */; };
		F8625821170E86E400C952A6 /* InfoPlist.strings in Resources */ = {isa = PBXBuildFile; fileRef = F862581F170E86E400C952A6 /* InfoPlist.strings */; };
		F8625823170E86E400C952A6 /* main.m in Sources */ = {isa = PBXBuildFile; fileRef = F8625822170E86E400C952A6 /* main.m */; };
		F8625827170E86E400C952A6 /* AppDelegate.m in Sources */ = {isa = PBXBuildFile; fileRef = F8625826170E86E400C952A6 /* AppDelegate.m */; };
		F8625829170E86E400C952A6 /* Default.png in Resources */ = {isa = PBXBuildFile; fileRef = F8625828170E86E400C952A6 /* Default.png */; };
		F862582B170E86E400C952A6 /* Default@2x.png in Resources */ = {isa = PBXBuildFile; fileRef = F862582A170E86E400C952A6 /* Default@2x.png */; };
		F862582D170E86E400C952A6 /* Default-568h@2x.png in Resources */ = {isa = PBXBuildFile; fileRef = F862582C170E86E400C952A6 /* Default-568h@2x.png */; };
		F8625830170E86E400C952A6 /* MainStoryboard.storyboard in Resources */ = {isa = PBXBuildFile; fileRef = F862582E170E86E400C952A6 /* MainStoryboard.storyboard */; };
		F8625833170E86E400C952A6 /* iFACE.xcdatamodeld in Sources */ = {isa = PBXBuildFile; fileRef = F8625831170E86E400C952A6 /* iFACE.xcdatamodeld */; };
		F8625845170E8A2200C952A6 /* ShadowedView.m in Sources */ = {isa = PBXBuildFile; fileRef = F8625844170E8A2200C952A6 /* ShadowedView.m */; };
		F8625849170E8A8800C952A6 /* BackgroundLayer.m in Sources */ = {isa = PBXBuildFile; fileRef = F8625848170E8A8800C952A6 /* BackgroundLayer.m */; };
		F862584B170E8ADF00C952A6 /* QuartzCore.framework in Frameworks */ = {isa = PBXBuildFile; fileRef = F862584A170E8ADF00C952A6 /* QuartzCore.framework */; };
		F862584E170E8B1600C952A6 /* SlideMenuViewController.m in Sources */ = {isa = PBXBuildFile; fileRef = F862584D170E8B1600C952A6 /* SlideMenuViewController.m */; };
		F8625851170E8B4400C952A6 /* JYDarkView.m in Sources */ = {isa = PBXBuildFile; fileRef = F8625850170E8B4400C952A6 /* JYDarkView.m */; };
		F8625854170E8B5600C952A6 /* JYGraphicsHelper.m in Sources */ = {isa = PBXBuildFile; fileRef = F8625853170E8B5600C952A6 /* JYGraphicsHelper.m */; };
		F862585C170E8D2C00C952A6 /* Event.m in Sources */ = {isa = PBXBuildFile; fileRef = F862585B170E8D2C00C952A6 /* Event.m */; };
		F8625860170E8F1D00C952A6 /* backMenuButton.png in Resources */ = {isa = PBXBuildFile; fileRef = F862585E170E8F1D00C952A6 /* backMenuButton.png */; };
		F8625861170E8F1D00C952A6 /* backMenuButton@2x.png in Resources */ = {isa = PBXBuildFile; fileRef = F862585F170E8F1D00C952A6 /* backMenuButton@2x.png */; };
		F8625864170E90FD00C952A6 /* MainTabViewController.m in Sources */ = {isa = PBXBuildFile; fileRef = F8625863170E90FD00C952A6 /* MainTabViewController.m */; };
		F862586A170E92BF00C952A6 /* TabViewController.m in Sources */ = {isa = PBXBuildFile; fileRef = F8625869170E92BF00C952A6 /* TabViewController.m */; };
		F8792021170F19AB00C8CBE1 /* greyButtonHighlight.png in Resources */ = {isa = PBXBuildFile; fileRef = F879201D170F19AB00C8CBE1 /* greyButtonHighlight.png */; };
		F8792022170F19AB00C8CBE1 /* greyButton.png in Resources */ = {isa = PBXBuildFile; fileRef = F879201E170F19AB00C8CBE1 /* greyButton.png */; };
		F8792023170F19AB00C8CBE1 /* greyButtonHighlight@2x.png in Resources */ = {isa = PBXBuildFile; fileRef = F879201F170F19AB00C8CBE1 /* greyButtonHighlight@2x.png */; };
		F8792024170F19AB00C8CBE1 /* greyButton@2x.png in Resources */ = {isa = PBXBuildFile; fileRef = F8792020170F19AB00C8CBE1 /* greyButton@2x.png */; };
		F8792027170F210000C8CBE1 /* GreyImageButton.m in Sources */ = {isa = PBXBuildFile; fileRef = F8792026170F210000C8CBE1 /* GreyImageButton.m */; };
		F879202E170F2BDD00C8CBE1 /* JYDarkTranslucentCellHeaderView.m in Sources */ = {isa = PBXBuildFile; fileRef = F879202A170F2BDD00C8CBE1 /* JYDarkTranslucentCellHeaderView.m */; };
		F879202F170F2BDD00C8CBE1 /* JYDarkTranslucentCellHeaderView.xib in Resources */ = {isa = PBXBuildFile; fileRef = F879202B170F2BDD00C8CBE1 /* JYDarkTranslucentCellHeaderView.xib */; };
		F8792030170F2BDD00C8CBE1 /* JYTrueEtchedCell.m in Sources */ = {isa = PBXBuildFile; fileRef = F879202D170F2BDD00C8CBE1 /* JYTrueEtchedCell.m */; };
		F8792033170F6D2100C8CBE1 /* SideMenuOptionsViewController.m in Sources */ = {isa = PBXBuildFile; fileRef = F8792032170F6D2100C8CBE1 /* SideMenuOptionsViewController.m */; };
		F8792037170F6D7300C8CBE1 /* ApplicationPreferences.m in Sources */ = {isa = PBXBuildFile; fileRef = F8792036170F6D7300C8CBE1 /* ApplicationPreferences.m */; };
		F879203A170F6DD800C8CBE1 /* ChangeUserInfoViewController.m in Sources */ = {isa = PBXBuildFile; fileRef = F8792039170F6DD800C8CBE1 /* ChangeUserInfoViewController.m */; };
		F879203D170F6E2900C8CBE1 /* JYStringHelperFunctions.m in Sources */ = {isa = PBXBuildFile; fileRef = F879203C170F6E2900C8CBE1 /* JYStringHelperFunctions.m */; };
		F8792045170F6E6600C8CBE1 /* NSData+Base64.m in Sources */ = {isa = PBXBuildFile; fileRef = F8792040170F6E6600C8CBE1 /* NSData+Base64.m */; };
		F8792046170F6E6600C8CBE1 /* DirectoryWatcher.m in Sources */ = {isa = PBXBuildFile; fileRef = F8792042170F6E6600C8CBE1 /* DirectoryWatcher.m */; };
		F8792047170F6E6600C8CBE1 /* NSString+UUID.m in Sources */ = {isa = PBXBuildFile; fileRef = F8792044170F6E6600C8CBE1 /* NSString+UUID.m */; };
		F879204A170F6EBE00C8CBE1 /* User.m in Sources */ = {isa = PBXBuildFile; fileRef = F8792049170F6EBE00C8CBE1 /* User.m */; };
		F879204D170F6F8100C8CBE1 /* ImageIO.framework in Frameworks */ = {isa = PBXBuildFile; fileRef = F879204C170F6F8100C8CBE1 /* ImageIO.framework */; };
		F879204F170F6F9700C8CBE1 /* AssetsLibrary.framework in Frameworks */ = {isa = PBXBuildFile; fileRef = F879204E170F6F9700C8CBE1 /* AssetsLibrary.framework */; };
		F8792051170F6FA000C8CBE1 /* CoreText.framework in Frameworks */ = {isa = PBXBuildFile; fileRef = F8792050170F6FA000C8CBE1 /* CoreText.framework */; };
		F8792053170F6FA900C8CBE1 /* CoreTelephony.framework in Frameworks */ = {isa = PBXBuildFile; fileRef = F8792052170F6FA900C8CBE1 /* CoreTelephony.framework */; };
		F8792055170F6FBF00C8CBE1 /* libstdc++.dylib in Frameworks */ = {isa = PBXBuildFile; fileRef = F8792054170F6FBF00C8CBE1 /* libstdc++.dylib */; };
		F8792057170F6FC700C8CBE1 /* libz.dylib in Frameworks */ = {isa = PBXBuildFile; fileRef = F8792056170F6FC700C8CBE1 /* libz.dylib */; };
		F8792059170F6FE200C8CBE1 /* libicucore.dylib in Frameworks */ = {isa = PBXBuildFile; fileRef = F8792058170F6FE200C8CBE1 /* libicucore.dylib */; };
		F879205B170F6FEA00C8CBE1 /* libxml2.dylib in Frameworks */ = {isa = PBXBuildFile; fileRef = F879205A170F6FE900C8CBE1 /* libxml2.dylib */; };
		F879205D170F6FF100C8CBE1 /* SystemConfiguration.framework in Frameworks */ = {isa = PBXBuildFile; fileRef = F879205C170F6FF100C8CBE1 /* SystemConfiguration.framework */; };
		F879205F170F6FFB00C8CBE1 /* MobileCoreServices.framework in Frameworks */ = {isa = PBXBuildFile; fileRef = F879205E170F6FFB00C8CBE1 /* MobileCoreServices.framework */; };
		F8792061170F700400C8CBE1 /* CFNetwork.framework in Frameworks */ = {isa = PBXBuildFile; fileRef = F8792060170F700400C8CBE1 /* CFNetwork.framework */; };
		F8792063170F700D00C8CBE1 /* CoreLocation.framework in Frameworks */ = {isa = PBXBuildFile; fileRef = F8792062170F700D00C8CBE1 /* CoreLocation.framework */; };
		F8792065170F701400C8CBE1 /* MapKit.framework in Frameworks */ = {isa = PBXBuildFile; fileRef = F8792064170F701400C8CBE1 /* MapKit.framework */; };
		F879206A170F7CA700C8CBE1 /* me off.png in Resources */ = {isa = PBXBuildFile; fileRef = F8792066170F7CA700C8CBE1 /* me off.png */; };
		F879206B170F7CA700C8CBE1 /* me off@2x.png in Resources */ = {isa = PBXBuildFile; fileRef = F8792067170F7CA700C8CBE1 /* me off@2x.png */; };
		F879206C170F7CA700C8CBE1 /* me on.png in Resources */ = {isa = PBXBuildFile; fileRef = F8792068170F7CA700C8CBE1 /* me on.png */; };
		F879206D170F7CA700C8CBE1 /* me on@2x.png in Resources */ = {isa = PBXBuildFile; fileRef = F8792069170F7CA700C8CBE1 /* me on@2x.png */; };
		F8792070170F7CD800C8CBE1 /* settings off.png in Resources */ = {isa = PBXBuildFile; fileRef = F879206E170F7CD800C8CBE1 /* settings off.png */; };
		F8792071170F7CD800C8CBE1 /* settings off@2x.png in Resources */ = {isa = PBXBuildFile; fileRef = F879206F170F7CD800C8CBE1 /* settings off@2x.png */; };
		F8792074170F80E300C8CBE1 /* activity off.png in Resources */ = {isa = PBXBuildFile; fileRef = F8792072170F80E300C8CBE1 /* activity off.png */; };
		F8792075170F80E300C8CBE1 /* activity off@2x.png in Resources */ = {isa = PBXBuildFile; fileRef = F8792073170F80E300C8CBE1 /* activity off@2x.png */; };
		F8792078170F815700C8CBE1 /* search off.png in Resources */ = {isa = PBXBuildFile; fileRef = F8792076170F815700C8CBE1 /* search off.png */; };
		F8792079170F815700C8CBE1 /* search off@2x.png in Resources */ = {isa = PBXBuildFile; fileRef = F8792077170F815700C8CBE1 /* search off@2x.png */; };
		F879207C170F851C00C8CBE1 /* WelcomeScreenViewController.m in Sources */ = {isa = PBXBuildFile; fileRef = F879207B170F851C00C8CBE1 /* WelcomeScreenViewController.m */; };
		F879207F170F86EA00C8CBE1 /* deloitteDigitalLogo.png in Resources */ = {isa = PBXBuildFile; fileRef = F879207D170F86EA00C8CBE1 /* deloitteDigitalLogo.png */; };
		F8792080170F86EA00C8CBE1 /* deloitteDigitalLogo@2x.png in Resources */ = {isa = PBXBuildFile; fileRef = F879207E170F86EA00C8CBE1 /* deloitteDigitalLogo@2x.png */; };
		F8792083170F8D6F00C8CBE1 /* BlueButton.png in Resources */ = {isa = PBXBuildFile; fileRef = F8792081170F8D6F00C8CBE1 /* BlueButton.png */; };
		F8792084170F8D6F00C8CBE1 /* BlueButton@2x.png in Resources */ = {isa = PBXBuildFile; fileRef = F8792082170F8D6F00C8CBE1 /* BlueButton@2x.png */; };
		F8792087170F902F00C8CBE1 /* BlueButton.m in Sources */ = {isa = PBXBuildFile; fileRef = F8792086170F902F00C8CBE1 /* BlueButton.m */; };
		F879208A170F91E700C8CBE1 /* BlueButtonHighlighted.png in Resources */ = {isa = PBXBuildFile; fileRef = F8792088170F91E600C8CBE1 /* BlueButtonHighlighted.png */; };
		F879208B170F91E700C8CBE1 /* BlueButtonHighlighted@2x.png in Resources */ = {isa = PBXBuildFile; fileRef = F8792089170F91E600C8CBE1 /* BlueButtonHighlighted@2x.png */; };
/* End PBXBuildFile section */

/* Begin PBXFileReference section */
		F8625811170E86E400C952A6 /* iFACE.app */ = {isa = PBXFileReference; explicitFileType = wrapper.application; includeInIndex = 0; path = iFACE.app; sourceTree = BUILT_PRODUCTS_DIR; };
		F8625814170E86E400C952A6 /* UIKit.framework */ = {isa = PBXFileReference; lastKnownFileType = wrapper.framework; name = UIKit.framework; path = System/Library/Frameworks/UIKit.framework; sourceTree = SDKROOT; };
		F8625816170E86E400C952A6 /* Foundation.framework */ = {isa = PBXFileReference; lastKnownFileType = wrapper.framework; name = Foundation.framework; path = System/Library/Frameworks/Foundation.framework; sourceTree = SDKROOT; };
		F8625818170E86E400C952A6 /* CoreGraphics.framework */ = {isa = PBXFileReference; lastKnownFileType = wrapper.framework; name = CoreGraphics.framework; path = System/Library/Frameworks/CoreGraphics.framework; sourceTree = SDKROOT; };
		F862581A170E86E400C952A6 /* CoreData.framework */ = {isa = PBXFileReference; lastKnownFileType = wrapper.framework; name = CoreData.framework; path = System/Library/Frameworks/CoreData.framework; sourceTree = SDKROOT; };
		F862581E170E86E400C952A6 /* iFACE-Info.plist */ = {isa = PBXFileReference; lastKnownFileType = text.plist.xml; path = "iFACE-Info.plist"; sourceTree = "<group>"; };
		F8625820170E86E400C952A6 /* en */ = {isa = PBXFileReference; lastKnownFileType = text.plist.strings; name = en; path = en.lproj/InfoPlist.strings; sourceTree = "<group>"; };
		F8625822170E86E400C952A6 /* main.m */ = {isa = PBXFileReference; lastKnownFileType = sourcecode.c.objc; path = main.m; sourceTree = "<group>"; };
		F8625824170E86E400C952A6 /* iFACE-Prefix.pch */ = {isa = PBXFileReference; lastKnownFileType = sourcecode.c.h; path = "iFACE-Prefix.pch"; sourceTree = "<group>"; };
		F8625825170E86E400C952A6 /* AppDelegate.h */ = {isa = PBXFileReference; lastKnownFileType = sourcecode.c.h; path = AppDelegate.h; sourceTree = "<group>"; };
		F8625826170E86E400C952A6 /* AppDelegate.m */ = {isa = PBXFileReference; lastKnownFileType = sourcecode.c.objc; path = AppDelegate.m; sourceTree = "<group>"; };
		F8625828170E86E400C952A6 /* Default.png */ = {isa = PBXFileReference; lastKnownFileType = image.png; path = Default.png; sourceTree = "<group>"; };
		F862582A170E86E400C952A6 /* Default@2x.png */ = {isa = PBXFileReference; lastKnownFileType = image.png; path = "Default@2x.png"; sourceTree = "<group>"; };
		F862582C170E86E400C952A6 /* Default-568h@2x.png */ = {isa = PBXFileReference; lastKnownFileType = image.png; path = "Default-568h@2x.png"; sourceTree = "<group>"; };
		F862582F170E86E400C952A6 /* en */ = {isa = PBXFileReference; lastKnownFileType = file.storyboard; name = en; path = en.lproj/MainStoryboard.storyboard; sourceTree = "<group>"; };
		F8625832170E86E400C952A6 /* iFACE.xcdatamodel */ = {isa = PBXFileReference; lastKnownFileType = wrapper.xcdatamodel; path = iFACE.xcdatamodel; sourceTree = "<group>"; };
		F8625843170E8A2200C952A6 /* ShadowedView.h */ = {isa = PBXFileReference; fileEncoding = 4; lastKnownFileType = sourcecode.c.h; path = ShadowedView.h; sourceTree = "<group>"; };
		F8625844170E8A2200C952A6 /* ShadowedView.m */ = {isa = PBXFileReference; fileEncoding = 4; lastKnownFileType = sourcecode.c.objc; path = ShadowedView.m; sourceTree = "<group>"; };
		F8625847170E8A8800C952A6 /* BackgroundLayer.h */ = {isa = PBXFileReference; fileEncoding = 4; lastKnownFileType = sourcecode.c.h; path = BackgroundLayer.h; sourceTree = "<group>"; };
		F8625848170E8A8800C952A6 /* BackgroundLayer.m */ = {isa = PBXFileReference; fileEncoding = 4; lastKnownFileType = sourcecode.c.objc; path = BackgroundLayer.m; sourceTree = "<group>"; };
		F862584A170E8ADF00C952A6 /* QuartzCore.framework */ = {isa = PBXFileReference; lastKnownFileType = wrapper.framework; name = QuartzCore.framework; path = System/Library/Frameworks/QuartzCore.framework; sourceTree = SDKROOT; };
		F862584C170E8B1600C952A6 /* SlideMenuViewController.h */ = {isa = PBXFileReference; fileEncoding = 4; lastKnownFileType = sourcecode.c.h; path = SlideMenuViewController.h; sourceTree = "<group>"; };
		F862584D170E8B1600C952A6 /* SlideMenuViewController.m */ = {isa = PBXFileReference; fileEncoding = 4; lastKnownFileType = sourcecode.c.objc; path = SlideMenuViewController.m; sourceTree = "<group>"; };
		F862584F170E8B4400C952A6 /* JYDarkView.h */ = {isa = PBXFileReference; fileEncoding = 4; lastKnownFileType = sourcecode.c.h; path = JYDarkView.h; sourceTree = "<group>"; };
		F8625850170E8B4400C952A6 /* JYDarkView.m */ = {isa = PBXFileReference; fileEncoding = 4; lastKnownFileType = sourcecode.c.objc; path = JYDarkView.m; sourceTree = "<group>"; };
		F8625852170E8B5600C952A6 /* JYGraphicsHelper.h */ = {isa = PBXFileReference; fileEncoding = 4; lastKnownFileType = sourcecode.c.h; path = JYGraphicsHelper.h; sourceTree = "<group>"; };
		F8625853170E8B5600C952A6 /* JYGraphicsHelper.m */ = {isa = PBXFileReference; fileEncoding = 4; lastKnownFileType = sourcecode.c.objc; path = JYGraphicsHelper.m; sourceTree = "<group>"; };
		F862585A170E8D2C00C952A6 /* Event.h */ = {isa = PBXFileReference; fileEncoding = 4; lastKnownFileType = sourcecode.c.h; name = Event.h; path = model/Event.h; sourceTree = "<group>"; };
		F862585B170E8D2C00C952A6 /* Event.m */ = {isa = PBXFileReference; fileEncoding = 4; lastKnownFileType = sourcecode.c.objc; name = Event.m; path = model/Event.m; sourceTree = "<group>"; };
		F862585E170E8F1D00C952A6 /* backMenuButton.png */ = {isa = PBXFileReference; lastKnownFileType = image.png; path = backMenuButton.png; sourceTree = "<group>"; };
		F862585F170E8F1D00C952A6 /* backMenuButton@2x.png */ = {isa = PBXFileReference; lastKnownFileType = image.png; path = "backMenuButton@2x.png"; sourceTree = "<group>"; };
		F8625862170E90FD00C952A6 /* MainTabViewController.h */ = {isa = PBXFileReference; fileEncoding = 4; lastKnownFileType = sourcecode.c.h; path = MainTabViewController.h; sourceTree = "<group>"; };
		F8625863170E90FD00C952A6 /* MainTabViewController.m */ = {isa = PBXFileReference; fileEncoding = 4; lastKnownFileType = sourcecode.c.objc; path = MainTabViewController.m; sourceTree = "<group>"; };
		F8625868170E92BF00C952A6 /* TabViewController.h */ = {isa = PBXFileReference; fileEncoding = 4; lastKnownFileType = sourcecode.c.h; name = TabViewController.h; path = ViewControllers/TabViewController.h; sourceTree = "<group>"; };
		F8625869170E92BF00C952A6 /* TabViewController.m */ = {isa = PBXFileReference; fileEncoding = 4; lastKnownFileType = sourcecode.c.objc; name = TabViewController.m; path = ViewControllers/TabViewController.m; sourceTree = "<group>"; };
		F879201D170F19AB00C8CBE1 /* greyButtonHighlight.png */ = {isa = PBXFileReference; lastKnownFileType = image.png; path = greyButtonHighlight.png; sourceTree = "<group>"; };
		F879201E170F19AB00C8CBE1 /* greyButton.png */ = {isa = PBXFileReference; lastKnownFileType = image.png; path = greyButton.png; sourceTree = "<group>"; };
		F879201F170F19AB00C8CBE1 /* greyButtonHighlight@2x.png */ = {isa = PBXFileReference; lastKnownFileType = image.png; path = "greyButtonHighlight@2x.png"; sourceTree = "<group>"; };
		F8792020170F19AB00C8CBE1 /* greyButton@2x.png */ = {isa = PBXFileReference; lastKnownFileType = image.png; path = "greyButton@2x.png"; sourceTree = "<group>"; };
		F8792025170F210000C8CBE1 /* GreyImageButton.h */ = {isa = PBXFileReference; fileEncoding = 4; lastKnownFileType = sourcecode.c.h; path = GreyImageButton.h; sourceTree = "<group>"; };
		F8792026170F210000C8CBE1 /* GreyImageButton.m */ = {isa = PBXFileReference; fileEncoding = 4; lastKnownFileType = sourcecode.c.objc; path = GreyImageButton.m; sourceTree = "<group>"; };
		F8792029170F2BDD00C8CBE1 /* JYDarkTranslucentCellHeaderView.h */ = {isa = PBXFileReference; fileEncoding = 4; lastKnownFileType = sourcecode.c.h; path = JYDarkTranslucentCellHeaderView.h; sourceTree = "<group>"; };
		F879202A170F2BDD00C8CBE1 /* JYDarkTranslucentCellHeaderView.m */ = {isa = PBXFileReference; fileEncoding = 4; lastKnownFileType = sourcecode.c.objc; path = JYDarkTranslucentCellHeaderView.m; sourceTree = "<group>"; };
		F879202B170F2BDD00C8CBE1 /* JYDarkTranslucentCellHeaderView.xib */ = {isa = PBXFileReference; fileEncoding = 4; lastKnownFileType = file.xib; path = JYDarkTranslucentCellHeaderView.xib; sourceTree = "<group>"; };
		F879202C170F2BDD00C8CBE1 /* JYTrueEtchedCell.h */ = {isa = PBXFileReference; fileEncoding = 4; lastKnownFileType = sourcecode.c.h; path = JYTrueEtchedCell.h; sourceTree = "<group>"; };
		F879202D170F2BDD00C8CBE1 /* JYTrueEtchedCell.m */ = {isa = PBXFileReference; fileEncoding = 4; lastKnownFileType = sourcecode.c.objc; path = JYTrueEtchedCell.m; sourceTree = "<group>"; };
		F8792031170F6D2100C8CBE1 /* SideMenuOptionsViewController.h */ = {isa = PBXFileReference; fileEncoding = 4; lastKnownFileType = sourcecode.c.h; path = SideMenuOptionsViewController.h; sourceTree = "<group>"; };
		F8792032170F6D2100C8CBE1 /* SideMenuOptionsViewController.m */ = {isa = PBXFileReference; fileEncoding = 4; lastKnownFileType = sourcecode.c.objc; path = SideMenuOptionsViewController.m; sourceTree = "<group>"; };
		F8792035170F6D7300C8CBE1 /* ApplicationPreferences.h */ = {isa = PBXFileReference; fileEncoding = 4; lastKnownFileType = sourcecode.c.h; path = ApplicationPreferences.h; sourceTree = "<group>"; };
		F8792036170F6D7300C8CBE1 /* ApplicationPreferences.m */ = {isa = PBXFileReference; fileEncoding = 4; lastKnownFileType = sourcecode.c.objc; path = ApplicationPreferences.m; sourceTree = "<group>"; };
		F8792038170F6DD800C8CBE1 /* ChangeUserInfoViewController.h */ = {isa = PBXFileReference; fileEncoding = 4; lastKnownFileType = sourcecode.c.h; path = ChangeUserInfoViewController.h; sourceTree = "<group>"; };
		F8792039170F6DD800C8CBE1 /* ChangeUserInfoViewController.m */ = {isa = PBXFileReference; fileEncoding = 4; lastKnownFileType = sourcecode.c.objc; path = ChangeUserInfoViewController.m; sourceTree = "<group>"; };
		F879203B170F6E2900C8CBE1 /* JYStringHelperFunctions.h */ = {isa = PBXFileReference; fileEncoding = 4; lastKnownFileType = sourcecode.c.h; path = JYStringHelperFunctions.h; sourceTree = "<group>"; };
		F879203C170F6E2900C8CBE1 /* JYStringHelperFunctions.m */ = {isa = PBXFileReference; fileEncoding = 4; lastKnownFileType = sourcecode.c.objc; path = JYStringHelperFunctions.m; sourceTree = "<group>"; };
		F879203F170F6E6600C8CBE1 /* NSData+Base64.h */ = {isa = PBXFileReference; fileEncoding = 4; lastKnownFileType = sourcecode.c.h; path = "NSData+Base64.h"; sourceTree = "<group>"; };
		F8792040170F6E6600C8CBE1 /* NSData+Base64.m */ = {isa = PBXFileReference; fileEncoding = 4; lastKnownFileType = sourcecode.c.objc; path = "NSData+Base64.m"; sourceTree = "<group>"; };
		F8792041170F6E6600C8CBE1 /* DirectoryWatcher.h */ = {isa = PBXFileReference; fileEncoding = 4; lastKnownFileType = sourcecode.c.h; path = DirectoryWatcher.h; sourceTree = "<group>"; };
		F8792042170F6E6600C8CBE1 /* DirectoryWatcher.m */ = {isa = PBXFileReference; fileEncoding = 4; lastKnownFileType = sourcecode.c.objc; path = DirectoryWatcher.m; sourceTree = "<group>"; };
		F8792043170F6E6600C8CBE1 /* NSString+UUID.h */ = {isa = PBXFileReference; fileEncoding = 4; lastKnownFileType = sourcecode.c.h; path = "NSString+UUID.h"; sourceTree = "<group>"; };
		F8792044170F6E6600C8CBE1 /* NSString+UUID.m */ = {isa = PBXFileReference; fileEncoding = 4; lastKnownFileType = sourcecode.c.objc; path = "NSString+UUID.m"; sourceTree = "<group>"; };
		F8792048170F6EBE00C8CBE1 /* User.h */ = {isa = PBXFileReference; fileEncoding = 4; lastKnownFileType = sourcecode.c.h; name = User.h; path = model/User.h; sourceTree = "<group>"; };
		F8792049170F6EBE00C8CBE1 /* User.m */ = {isa = PBXFileReference; fileEncoding = 4; lastKnownFileType = sourcecode.c.objc; name = User.m; path = model/User.m; sourceTree = "<group>"; };
		F879204B170F6F0600C8CBE1 /* AppDefinitions.h */ = {isa = PBXFileReference; fileEncoding = 4; lastKnownFileType = sourcecode.c.h; path = AppDefinitions.h; sourceTree = "<group>"; };
		F879204C170F6F8100C8CBE1 /* ImageIO.framework */ = {isa = PBXFileReference; lastKnownFileType = wrapper.framework; name = ImageIO.framework; path = System/Library/Frameworks/ImageIO.framework; sourceTree = SDKROOT; };
		F879204E170F6F9700C8CBE1 /* AssetsLibrary.framework */ = {isa = PBXFileReference; lastKnownFileType = wrapper.framework; name = AssetsLibrary.framework; path = System/Library/Frameworks/AssetsLibrary.framework; sourceTree = SDKROOT; };
		F8792050170F6FA000C8CBE1 /* CoreText.framework */ = {isa = PBXFileReference; lastKnownFileType = wrapper.framework; name = CoreText.framework; path = System/Library/Frameworks/CoreText.framework; sourceTree = SDKROOT; };
		F8792052170F6FA900C8CBE1 /* CoreTelephony.framework */ = {isa = PBXFileReference; lastKnownFileType = wrapper.framework; name = CoreTelephony.framework; path = System/Library/Frameworks/CoreTelephony.framework; sourceTree = SDKROOT; };
		F8792054170F6FBF00C8CBE1 /* libstdc++.dylib */ = {isa = PBXFileReference; lastKnownFileType = "compiled.mach-o.dylib"; name = "libstdc++.dylib"; path = "usr/lib/libstdc++.dylib"; sourceTree = SDKROOT; };
		F8792056170F6FC700C8CBE1 /* libz.dylib */ = {isa = PBXFileReference; lastKnownFileType = "compiled.mach-o.dylib"; name = libz.dylib; path = usr/lib/libz.dylib; sourceTree = SDKROOT; };
		F8792058170F6FE200C8CBE1 /* libicucore.dylib */ = {isa = PBXFileReference; lastKnownFileType = "compiled.mach-o.dylib"; name = libicucore.dylib; path = usr/lib/libicucore.dylib; sourceTree = SDKROOT; };
		F879205A170F6FE900C8CBE1 /* libxml2.dylib */ = {isa = PBXFileReference; lastKnownFileType = "compiled.mach-o.dylib"; name = libxml2.dylib; path = usr/lib/libxml2.dylib; sourceTree = SDKROOT; };
		F879205C170F6FF100C8CBE1 /* SystemConfiguration.framework */ = {isa = PBXFileReference; lastKnownFileType = wrapper.framework; name = SystemConfiguration.framework; path = System/Library/Frameworks/SystemConfiguration.framework; sourceTree = SDKROOT; };
		F879205E170F6FFB00C8CBE1 /* MobileCoreServices.framework */ = {isa = PBXFileReference; lastKnownFileType = wrapper.framework; name = MobileCoreServices.framework; path = System/Library/Frameworks/MobileCoreServices.framework; sourceTree = SDKROOT; };
		F8792060170F700400C8CBE1 /* CFNetwork.framework */ = {isa = PBXFileReference; lastKnownFileType = wrapper.framework; name = CFNetwork.framework; path = System/Library/Frameworks/CFNetwork.framework; sourceTree = SDKROOT; };
		F8792062170F700D00C8CBE1 /* CoreLocation.framework */ = {isa = PBXFileReference; lastKnownFileType = wrapper.framework; name = CoreLocation.framework; path = System/Library/Frameworks/CoreLocation.framework; sourceTree = SDKROOT; };
		F8792064170F701400C8CBE1 /* MapKit.framework */ = {isa = PBXFileReference; lastKnownFileType = wrapper.framework; name = MapKit.framework; path = System/Library/Frameworks/MapKit.framework; sourceTree = SDKROOT; };
		F8792066170F7CA700C8CBE1 /* me off.png */ = {isa = PBXFileReference; lastKnownFileType = image.png; path = "me off.png"; sourceTree = "<group>"; };
		F8792067170F7CA700C8CBE1 /* me off@2x.png */ = {isa = PBXFileReference; lastKnownFileType = image.png; path = "me off@2x.png"; sourceTree = "<group>"; };
		F8792068170F7CA700C8CBE1 /* me on.png */ = {isa = PBXFileReference; lastKnownFileType = image.png; path = "me on.png"; sourceTree = "<group>"; };
		F8792069170F7CA700C8CBE1 /* me on@2x.png */ = {isa = PBXFileReference; lastKnownFileType = image.png; path = "me on@2x.png"; sourceTree = "<group>"; };
		F879206E170F7CD800C8CBE1 /* settings off.png */ = {isa = PBXFileReference; lastKnownFileType = image.png; path = "settings off.png"; sourceTree = "<group>"; };
		F879206F170F7CD800C8CBE1 /* settings off@2x.png */ = {isa = PBXFileReference; lastKnownFileType = image.png; path = "settings off@2x.png"; sourceTree = "<group>"; };
		F8792072170F80E300C8CBE1 /* activity off.png */ = {isa = PBXFileReference; lastKnownFileType = image.png; path = "activity off.png"; sourceTree = "<group>"; };
		F8792073170F80E300C8CBE1 /* activity off@2x.png */ = {isa = PBXFileReference; lastKnownFileType = image.png; path = "activity off@2x.png"; sourceTree = "<group>"; };
		F8792076170F815700C8CBE1 /* search off.png */ = {isa = PBXFileReference; lastKnownFileType = image.png; path = "search off.png"; sourceTree = "<group>"; };
		F8792077170F815700C8CBE1 /* search off@2x.png */ = {isa = PBXFileReference; lastKnownFileType = image.png; path = "search off@2x.png"; sourceTree = "<group>"; };
		F879207A170F851C00C8CBE1 /* WelcomeScreenViewController.h */ = {isa = PBXFileReference; fileEncoding = 4; lastKnownFileType = sourcecode.c.h; name = WelcomeScreenViewController.h; path = ViewControllers/WelcomeScreenViewController.h; sourceTree = "<group>"; };
		F879207B170F851C00C8CBE1 /* WelcomeScreenViewController.m */ = {isa = PBXFileReference; fileEncoding = 4; lastKnownFileType = sourcecode.c.objc; name = WelcomeScreenViewController.m; path = ViewControllers/WelcomeScreenViewController.m; sourceTree = "<group>"; };
		F879207D170F86EA00C8CBE1 /* deloitteDigitalLogo.png */ = {isa = PBXFileReference; lastKnownFileType = image.png; path = deloitteDigitalLogo.png; sourceTree = "<group>"; };
		F879207E170F86EA00C8CBE1 /* deloitteDigitalLogo@2x.png */ = {isa = PBXFileReference; lastKnownFileType = image.png; path = "deloitteDigitalLogo@2x.png"; sourceTree = "<group>"; };
		F8792081170F8D6F00C8CBE1 /* BlueButton.png */ = {isa = PBXFileReference; lastKnownFileType = image.png; path = BlueButton.png; sourceTree = "<group>"; };
		F8792082170F8D6F00C8CBE1 /* BlueButton@2x.png */ = {isa = PBXFileReference; lastKnownFileType = image.png; path = "BlueButton@2x.png"; sourceTree = "<group>"; };
		F8792085170F902F00C8CBE1 /* BlueButton.h */ = {isa = PBXFileReference; fileEncoding = 4; lastKnownFileType = sourcecode.c.h; name = BlueButton.h; path = components/BlueButton.h; sourceTree = "<group>"; };
		F8792086170F902F00C8CBE1 /* BlueButton.m */ = {isa = PBXFileReference; fileEncoding = 4; lastKnownFileType = sourcecode.c.objc; name = BlueButton.m; path = components/BlueButton.m; sourceTree = "<group>"; };
		F8792088170F91E600C8CBE1 /* BlueButtonHighlighted.png */ = {isa = PBXFileReference; lastKnownFileType = image.png; path = BlueButtonHighlighted.png; sourceTree = "<group>"; };
		F8792089170F91E600C8CBE1 /* BlueButtonHighlighted@2x.png */ = {isa = PBXFileReference; lastKnownFileType = image.png; path = "BlueButtonHighlighted@2x.png"; sourceTree = "<group>"; };
/* End PBXFileReference section */

/* Begin PBXFrameworksBuildPhase section */
		F862580E170E86E400C952A6 /* Frameworks */ = {
			isa = PBXFrameworksBuildPhase;
			buildActionMask = 2147483647;
			files = (
				F8792065170F701400C8CBE1 /* MapKit.framework in Frameworks */,
				F8792063170F700D00C8CBE1 /* CoreLocation.framework in Frameworks */,
				F8792061170F700400C8CBE1 /* CFNetwork.framework in Frameworks */,
				F879205F170F6FFB00C8CBE1 /* MobileCoreServices.framework in Frameworks */,
				F879205D170F6FF100C8CBE1 /* SystemConfiguration.framework in Frameworks */,
				F879205B170F6FEA00C8CBE1 /* libxml2.dylib in Frameworks */,
				F8792059170F6FE200C8CBE1 /* libicucore.dylib in Frameworks */,
				F8792057170F6FC700C8CBE1 /* libz.dylib in Frameworks */,
				F8792055170F6FBF00C8CBE1 /* libstdc++.dylib in Frameworks */,
				F8792053170F6FA900C8CBE1 /* CoreTelephony.framework in Frameworks */,
				F8792051170F6FA000C8CBE1 /* CoreText.framework in Frameworks */,
				F879204F170F6F9700C8CBE1 /* AssetsLibrary.framework in Frameworks */,
				F879204D170F6F8100C8CBE1 /* ImageIO.framework in Frameworks */,
				F862584B170E8ADF00C952A6 /* QuartzCore.framework in Frameworks */,
				F8625819170E86E400C952A6 /* CoreGraphics.framework in Frameworks */,
				F8625815170E86E400C952A6 /* UIKit.framework in Frameworks */,
				F8625817170E86E400C952A6 /* Foundation.framework in Frameworks */,
				F862581B170E86E400C952A6 /* CoreData.framework in Frameworks */,
			);
			runOnlyForDeploymentPostprocessing = 0;
		};
/* End PBXFrameworksBuildPhase section */

/* Begin PBXGroup section */
		F8625808170E86E400C952A6 = {
			isa = PBXGroup;
			children = (
				F862581C170E86E400C952A6 /* iFACE */,
				F8625813170E86E400C952A6 /* Frameworks */,
				F8625812170E86E400C952A6 /* Products */,
			);
			sourceTree = "<group>";
		};
		F8625812170E86E400C952A6 /* Products */ = {
			isa = PBXGroup;
			children = (
				F8625811170E86E400C952A6 /* iFACE.app */,
			);
			name = Products;
			sourceTree = "<group>";
		};
		F8625813170E86E400C952A6 /* Frameworks */ = {
			isa = PBXGroup;
			children = (
				F8792064170F701400C8CBE1 /* MapKit.framework */,
				F8792062170F700D00C8CBE1 /* CoreLocation.framework */,
				F8792060170F700400C8CBE1 /* CFNetwork.framework */,
				F879205E170F6FFB00C8CBE1 /* MobileCoreServices.framework */,
				F879205C170F6FF100C8CBE1 /* SystemConfiguration.framework */,
				F879205A170F6FE900C8CBE1 /* libxml2.dylib */,
				F8792058170F6FE200C8CBE1 /* libicucore.dylib */,
				F8792056170F6FC700C8CBE1 /* libz.dylib */,
				F8792054170F6FBF00C8CBE1 /* libstdc++.dylib */,
				F8792052170F6FA900C8CBE1 /* CoreTelephony.framework */,
				F8792050170F6FA000C8CBE1 /* CoreText.framework */,
				F879204E170F6F9700C8CBE1 /* AssetsLibrary.framework */,
				F879204C170F6F8100C8CBE1 /* ImageIO.framework */,
				F862584A170E8ADF00C952A6 /* QuartzCore.framework */,
				F8625814170E86E400C952A6 /* UIKit.framework */,
				F8625816170E86E400C952A6 /* Foundation.framework */,
				F8625818170E86E400C952A6 /* CoreGraphics.framework */,
				F862581A170E86E400C952A6 /* CoreData.framework */,
			);
			name = Frameworks;
			sourceTree = "<group>";
		};
		F862581C170E86E400C952A6 /* iFACE */ = {
			isa = PBXGroup;
			children = (
				F879203E170F6E4B00C8CBE1 /* Categories */,
				F8792034170F6D5800C8CBE1 /* General */,
				F862585D170E8E3800C952A6 /* images */,
				F8625856170E8C7C00C952A6 /* Model */,
				F8625855170E8B7E00C952A6 /* View Controllers */,
				F8625846170E8A2800C952A6 /* components */,
				F862583F170E871B00C952A6 /* main */,
				F8625825170E86E400C952A6 /* AppDelegate.h */,
				F8625826170E86E400C952A6 /* AppDelegate.m */,
				F862581D170E86E400C952A6 /* Supporting Files */,
			);
			path = iFACE;
			sourceTree = "<group>";
		};
		F862581D170E86E400C952A6 /* Supporting Files */ = {
			isa = PBXGroup;
			children = (
				F862581E170E86E400C952A6 /* iFACE-Info.plist */,
				F862581F170E86E400C952A6 /* InfoPlist.strings */,
				F8625822170E86E400C952A6 /* main.m */,
				F8625824170E86E400C952A6 /* iFACE-Prefix.pch */,
				F8625828170E86E400C952A6 /* Default.png */,
				F862582A170E86E400C952A6 /* Default@2x.png */,
				F862582C170E86E400C952A6 /* Default-568h@2x.png */,
			);
			name = "Supporting Files";
			sourceTree = "<group>";
		};
		F862583F170E871B00C952A6 /* main */ = {
			isa = PBXGroup;
			children = (
				F8625831170E86E400C952A6 /* iFACE.xcdatamodeld */,
				F862582E170E86E400C952A6 /* MainStoryboard.storyboard */,
			);
			name = main;
			sourceTree = "<group>";
		};
		F8625846170E8A2800C952A6 /* components */ = {
			isa = PBXGroup;
			children = (
				F879203B170F6E2900C8CBE1 /* JYStringHelperFunctions.h */,
				F879203C170F6E2900C8CBE1 /* JYStringHelperFunctions.m */,
				F8792028170F2BCE00C8CBE1 /* Table */,
				F879201C170F199100C8CBE1 /* Buttons */,
				F8625852170E8B5600C952A6 /* JYGraphicsHelper.h */,
				F8625853170E8B5600C952A6 /* JYGraphicsHelper.m */,
				F862584F170E8B4400C952A6 /* JYDarkView.h */,
				F8625850170E8B4400C952A6 /* JYDarkView.m */,
				F8625847170E8A8800C952A6 /* BackgroundLayer.h */,
				F8625848170E8A8800C952A6 /* BackgroundLayer.m */,
				F8625843170E8A2200C952A6 /* ShadowedView.h */,
				F8625844170E8A2200C952A6 /* ShadowedView.m */,
			);
			name = components;
			sourceTree = "<group>";
		};
		F8625855170E8B7E00C952A6 /* View Controllers */ = {
			isa = PBXGroup;
			children = (
				F8792038170F6DD800C8CBE1 /* ChangeUserInfoViewController.h */,
				F8792039170F6DD800C8CBE1 /* ChangeUserInfoViewController.m */,
				F8792031170F6D2100C8CBE1 /* SideMenuOptionsViewController.h */,
				F8792032170F6D2100C8CBE1 /* SideMenuOptionsViewController.m */,
				F862584C170E8B1600C952A6 /* SlideMenuViewController.h */,
				F862584D170E8B1600C952A6 /* SlideMenuViewController.m */,
				F8625862170E90FD00C952A6 /* MainTabViewController.h */,
				F8625863170E90FD00C952A6 /* MainTabViewController.m */,
				F8625868170E92BF00C952A6 /* TabViewController.h */,
				F8625869170E92BF00C952A6 /* TabViewController.m */,
				F879207A170F851C00C8CBE1 /* WelcomeScreenViewController.h */,
				F879207B170F851C00C8CBE1 /* WelcomeScreenViewController.m */,
			);
			name = "View Controllers";
			sourceTree = "<group>";
		};
		F8625856170E8C7C00C952A6 /* Model */ = {
			isa = PBXGroup;
			children = (
				F8792048170F6EBE00C8CBE1 /* User.h */,
				F8792049170F6EBE00C8CBE1 /* User.m */,
				F862585A170E8D2C00C952A6 /* Event.h */,
				F862585B170E8D2C00C952A6 /* Event.m */,
			);
			name = Model;
			sourceTree = "<group>";
		};
		F862585D170E8E3800C952A6 /* images */ = {
			isa = PBXGroup;
			children = (
				F8792088170F91E600C8CBE1 /* BlueButtonHighlighted.png */,
				F8792089170F91E600C8CBE1 /* BlueButtonHighlighted@2x.png */,
				F8792081170F8D6F00C8CBE1 /* BlueButton.png */,
				F8792082170F8D6F00C8CBE1 /* BlueButton@2x.png */,
				F879207D170F86EA00C8CBE1 /* deloitteDigitalLogo.png */,
				F879207E170F86EA00C8CBE1 /* deloitteDigitalLogo@2x.png */,
				F8792076170F815700C8CBE1 /* search off.png */,
				F8792077170F815700C8CBE1 /* search off@2x.png */,
				F8792072170F80E300C8CBE1 /* activity off.png */,
				F8792073170F80E300C8CBE1 /* activity off@2x.png */,
				F879206E170F7CD800C8CBE1 /* settings off.png */,
				F879206F170F7CD800C8CBE1 /* settings off@2x.png */,
				F8792066170F7CA700C8CBE1 /* me off.png */,
				F8792067170F7CA700C8CBE1 /* me off@2x.png */,
				F8792068170F7CA700C8CBE1 /* me on.png */,
				F8792069170F7CA700C8CBE1 /* me on@2x.png */,
				F862585E170E8F1D00C952A6 /* backMenuButton.png */,
				F862585F170E8F1D00C952A6 /* backMenuButton@2x.png */,
			);
			name = images;
			sourceTree = "<group>";
		};
		F879201C170F199100C8CBE1 /* Buttons */ = {
			isa = PBXGroup;
			children = (
				F8792025170F210000C8CBE1 /* GreyImageButton.h */,
				F8792026170F210000C8CBE1 /* GreyImageButton.m */,
				F879201D170F19AB00C8CBE1 /* greyButtonHighlight.png */,
				F879201E170F19AB00C8CBE1 /* greyButton.png */,
				F879201F170F19AB00C8CBE1 /* greyButtonHighlight@2x.png */,
				F8792020170F19AB00C8CBE1 /* greyButton@2x.png */,
				F8792085170F902F00C8CBE1 /* BlueButton.h */,
				F8792086170F902F00C8CBE1 /* BlueButton.m */,
			);
			name = Buttons;
			sourceTree = "<group>";
		};
		F8792028170F2BCE00C8CBE1 /* Table */ = {
			isa = PBXGroup;
			children = (
				F8792029170F2BDD00C8CBE1 /* JYDarkTranslucentCellHeaderView.h */,
				F879202A170F2BDD00C8CBE1 /* JYDarkTranslucentCellHeaderView.m */,
				F879202B170F2BDD00C8CBE1 /* JYDarkTranslucentCellHeaderView.xib */,
				F879202C170F2BDD00C8CBE1 /* JYTrueEtchedCell.h */,
				F879202D170F2BDD00C8CBE1 /* JYTrueEtchedCell.m */,
			);
			name = Table;
			sourceTree = "<group>";
		};
		F8792034170F6D5800C8CBE1 /* General */ = {
			isa = PBXGroup;
			children = (
				F879204B170F6F0600C8CBE1 /* AppDefinitions.h */,
				F8792035170F6D7300C8CBE1 /* ApplicationPreferences.h */,
				F8792036170F6D7300C8CBE1 /* ApplicationPreferences.m */,
			);
			name = General;
			sourceTree = "<group>";
		};
		F879203E170F6E4B00C8CBE1 /* Categories */ = {
			isa = PBXGroup;
			children = (
				F879203F170F6E6600C8CBE1 /* NSData+Base64.h */,
				F8792040170F6E6600C8CBE1 /* NSData+Base64.m */,
				F8792041170F6E6600C8CBE1 /* DirectoryWatcher.h */,
				F8792042170F6E6600C8CBE1 /* DirectoryWatcher.m */,
				F8792043170F6E6600C8CBE1 /* NSString+UUID.h */,
				F8792044170F6E6600C8CBE1 /* NSString+UUID.m */,
			);
			name = Categories;
			sourceTree = "<group>";
		};
/* End PBXGroup section */

/* Begin PBXNativeTarget section */
		F8625810170E86E400C952A6 /* iFACE */ = {
			isa = PBXNativeTarget;
			buildConfigurationList = F862583C170E86E400C952A6 /* Build configuration list for PBXNativeTarget "iFACE" */;
			buildPhases = (
				F862580D170E86E400C952A6 /* Sources */,
				F862580E170E86E400C952A6 /* Frameworks */,
				F862580F170E86E400C952A6 /* Resources */,
			);
			buildRules = (
			);
			dependencies = (
			);
			name = iFACE;
			productName = iFACE;
			productReference = F8625811170E86E400C952A6 /* iFACE.app */;
			productType = "com.apple.product-type.application";
		};
/* End PBXNativeTarget section */

/* Begin PBXProject section */
		F8625809170E86E400C952A6 /* Project object */ = {
			isa = PBXProject;
			attributes = {
				LastUpgradeCheck = 0460;
				ORGANIZATIONNAME = Deloitte;
			};
			buildConfigurationList = F862580C170E86E400C952A6 /* Build configuration list for PBXProject "iFACE" */;
			compatibilityVersion = "Xcode 3.2";
			developmentRegion = English;
			hasScannedForEncodings = 0;
			knownRegions = (
				en,
			);
			mainGroup = F8625808170E86E400C952A6;
			productRefGroup = F8625812170E86E400C952A6 /* Products */;
			projectDirPath = "";
			projectRoot = "";
			targets = (
				F8625810170E86E400C952A6 /* iFACE */,
			);
		};
/* End PBXProject section */

/* Begin PBXResourcesBuildPhase section */
		F862580F170E86E400C952A6 /* Resources */ = {
			isa = PBXResourcesBuildPhase;
			buildActionMask = 2147483647;
			files = (
				F8625821170E86E400C952A6 /* InfoPlist.strings in Resources */,
				F8625829170E86E400C952A6 /* Default.png in Resources */,
				F862582B170E86E400C952A6 /* Default@2x.png in Resources */,
				F862582D170E86E400C952A6 /* Default-568h@2x.png in Resources */,
				F8625830170E86E400C952A6 /* MainStoryboard.storyboard in Resources */,
				F8625860170E8F1D00C952A6 /* backMenuButton.png in Resources */,
				F8625861170E8F1D00C952A6 /* backMenuButton@2x.png in Resources */,
				F8792021170F19AB00C8CBE1 /* greyButtonHighlight.png in Resources */,
				F8792022170F19AB00C8CBE1 /* greyButton.png in Resources */,
				F8792023170F19AB00C8CBE1 /* greyButtonHighlight@2x.png in Resources */,
				F8792024170F19AB00C8CBE1 /* greyButton@2x.png in Resources */,
				F879202F170F2BDD00C8CBE1 /* JYDarkTranslucentCellHeaderView.xib in Resources */,
				F879206A170F7CA700C8CBE1 /* me off.png in Resources */,
				F879206B170F7CA700C8CBE1 /* me off@2x.png in Resources */,
				F879206C170F7CA700C8CBE1 /* me on.png in Resources */,
				F879206D170F7CA700C8CBE1 /* me on@2x.png in Resources */,
				F8792070170F7CD800C8CBE1 /* settings off.png in Resources */,
				F8792071170F7CD800C8CBE1 /* settings off@2x.png in Resources */,
				F8792074170F80E300C8CBE1 /* activity off.png in Resources */,
				F8792075170F80E300C8CBE1 /* activity off@2x.png in Resources */,
				F8792078170F815700C8CBE1 /* search off.png in Resources */,
				F8792079170F815700C8CBE1 /* search off@2x.png in Resources */,
				F879207F170F86EA00C8CBE1 /* deloitteDigitalLogo.png in Resources */,
				F8792080170F86EA00C8CBE1 /* deloitteDigitalLogo@2x.png in Resources */,
				F8792083170F8D6F00C8CBE1 /* BlueButton.png in Resources */,
				F8792084170F8D6F00C8CBE1 /* BlueButton@2x.png in Resources */,
				F879208A170F91E700C8CBE1 /* BlueButtonHighlighted.png in Resources */,
				F879208B170F91E700C8CBE1 /* BlueButtonHighlighted@2x.png in Resources */,
			);
			runOnlyForDeploymentPostprocessing = 0;
		};
/* End PBXResourcesBuildPhase section */

/* Begin PBXSourcesBuildPhase section */
		F862580D170E86E400C952A6 /* Sources */ = {
			isa = PBXSourcesBuildPhase;
			buildActionMask = 2147483647;
			files = (
				F8625823170E86E400C952A6 /* main.m in Sources */,
				F8625827170E86E400C952A6 /* AppDelegate.m in Sources */,
				F8625833170E86E400C952A6 /* iFACE.xcdatamodeld in Sources */,
				F8625845170E8A2200C952A6 /* ShadowedView.m in Sources */,
				F8625849170E8A8800C952A6 /* BackgroundLayer.m in Sources */,
				F862584E170E8B1600C952A6 /* SlideMenuViewController.m in Sources */,
				F8625851170E8B4400C952A6 /* JYDarkView.m in Sources */,
				F8625854170E8B5600C952A6 /* JYGraphicsHelper.m in Sources */,
				F862585C170E8D2C00C952A6 /* Event.m in Sources */,
				F8625864170E90FD00C952A6 /* MainTabViewController.m in Sources */,
				F862586A170E92BF00C952A6 /* TabViewController.m in Sources */,
				F8792027170F210000C8CBE1 /* GreyImageButton.m in Sources */,
				F879202E170F2BDD00C8CBE1 /* JYDarkTranslucentCellHeaderView.m in Sources */,
				F8792030170F2BDD00C8CBE1 /* JYTrueEtchedCell.m in Sources */,
				F8792033170F6D2100C8CBE1 /* SideMenuOptionsViewController.m in Sources */,
				F8792037170F6D7300C8CBE1 /* ApplicationPreferences.m in Sources */,
				F879203A170F6DD800C8CBE1 /* ChangeUserInfoViewController.m in Sources */,
				F879203D170F6E2900C8CBE1 /* JYStringHelperFunctions.m in Sources */,
				F8792045170F6E6600C8CBE1 /* NSData+Base64.m in Sources */,
				F8792046170F6E6600C8CBE1 /* DirectoryWatcher.m in Sources */,
				F8792047170F6E6600C8CBE1 /* NSString+UUID.m in Sources */,
				F879204A170F6EBE00C8CBE1 /* User.m in Sources */,
				F879207C170F851C00C8CBE1 /* WelcomeScreenViewController.m in Sources */,
				F8792087170F902F00C8CBE1 /* BlueButton.m in Sources */,
			);
			runOnlyForDeploymentPostprocessing = 0;
		};
/* End PBXSourcesBuildPhase section */

/* Begin PBXVariantGroup section */
		F862581F170E86E400C952A6 /* InfoPlist.strings */ = {
			isa = PBXVariantGroup;
			children = (
				F8625820170E86E400C952A6 /* en */,
			);
			name = InfoPlist.strings;
			sourceTree = "<group>";
		};
		F862582E170E86E400C952A6 /* MainStoryboard.storyboard */ = {
			isa = PBXVariantGroup;
			children = (
				F862582F170E86E400C952A6 /* en */,
			);
			name = MainStoryboard.storyboard;
			sourceTree = "<group>";
		};
/* End PBXVariantGroup section */

/* Begin XCBuildConfiguration section */
		F862583A170E86E400C952A6 /* Debug */ = {
			isa = XCBuildConfiguration;
			buildSettings = {
				ALWAYS_SEARCH_USER_PATHS = NO;
				CLANG_CXX_LANGUAGE_STANDARD = "gnu++0x";
				CLANG_CXX_LIBRARY = "libc++";
				CLANG_ENABLE_OBJC_ARC = YES;
				CLANG_WARN_CONSTANT_CONVERSION = YES;
				CLANG_WARN_EMPTY_BODY = YES;
				CLANG_WARN_ENUM_CONVERSION = YES;
				CLANG_WARN_INT_CONVERSION = YES;
				CLANG_WARN__DUPLICATE_METHOD_MATCH = YES;
				"CODE_SIGN_IDENTITY[sdk=iphoneos*]" = "iPhone Developer";
				COPY_PHASE_STRIP = NO;
				GCC_C_LANGUAGE_STANDARD = gnu99;
				GCC_DYNAMIC_NO_PIC = NO;
				GCC_OPTIMIZATION_LEVEL = 0;
				GCC_PREPROCESSOR_DEFINITIONS = (
					"DEBUG=1",
					"$(inherited)",
				);
				GCC_SYMBOLS_PRIVATE_EXTERN = NO;
				GCC_WARN_ABOUT_RETURN_TYPE = YES;
				GCC_WARN_UNINITIALIZED_AUTOS = YES;
				GCC_WARN_UNUSED_VARIABLE = YES;
				IPHONEOS_DEPLOYMENT_TARGET = 6.1;
				ONLY_ACTIVE_ARCH = YES;
				SDKROOT = iphoneos;
			};
			name = Debug;
		};
		F862583B170E86E400C952A6 /* Release */ = {
			isa = XCBuildConfiguration;
			buildSettings = {
				ALWAYS_SEARCH_USER_PATHS = NO;
				CLANG_CXX_LANGUAGE_STANDARD = "gnu++0x";
				CLANG_CXX_LIBRARY = "libc++";
				CLANG_ENABLE_OBJC_ARC = YES;
				CLANG_WARN_CONSTANT_CONVERSION = YES;
				CLANG_WARN_EMPTY_BODY = YES;
				CLANG_WARN_ENUM_CONVERSION = YES;
				CLANG_WARN_INT_CONVERSION = YES;
				CLANG_WARN__DUPLICATE_METHOD_MATCH = YES;
				"CODE_SIGN_IDENTITY[sdk=iphoneos*]" = "iPhone Developer";
				COPY_PHASE_STRIP = YES;
				GCC_C_LANGUAGE_STANDARD = gnu99;
				GCC_WARN_ABOUT_RETURN_TYPE = YES;
				GCC_WARN_UNINITIALIZED_AUTOS = YES;
				GCC_WARN_UNUSED_VARIABLE = YES;
				IPHONEOS_DEPLOYMENT_TARGET = 6.1;
				OTHER_CFLAGS = "-DNS_BLOCK_ASSERTIONS=1";
				SDKROOT = iphoneos;
				VALIDATE_PRODUCT = YES;
			};
			name = Release;
		};
		F862583D170E86E400C952A6 /* Debug */ = {
			isa = XCBuildConfiguration;
			buildSettings = {
				GCC_PRECOMPILE_PREFIX_HEADER = YES;
				GCC_PREFIX_HEADER = "iFACE/iFACE-Prefix.pch";
				INFOPLIST_FILE = "iFACE/iFACE-Info.plist";
				PRODUCT_NAME = "$(TARGET_NAME)";
				WRAPPER_EXTENSION = app;
			};
			name = Debug;
		};
		F862583E170E86E400C952A6 /* Release */ = {
			isa = XCBuildConfiguration;
			buildSettings = {
				GCC_PRECOMPILE_PREFIX_HEADER = YES;
				GCC_PREFIX_HEADER = "iFACE/iFACE-Prefix.pch";
				INFOPLIST_FILE = "iFACE/iFACE-Info.plist";
				PRODUCT_NAME = "$(TARGET_NAME)";
				WRAPPER_EXTENSION = app;
			};
			name = Release;
		};
/* End XCBuildConfiguration section */

/* Begin XCConfigurationList section */
		F862580C170E86E400C952A6 /* Build configuration list for PBXProject "iFACE" */ = {
			isa = XCConfigurationList;
			buildConfigurations = (
				F862583A170E86E400C952A6 /* Debug */,
				F862583B170E86E400C952A6 /* Release */,
			);
			defaultConfigurationIsVisible = 0;
			defaultConfigurationName = Release;
		};
		F862583C170E86E400C952A6 /* Build configuration list for PBXNativeTarget "iFACE" */ = {
			isa = XCConfigurationList;
			buildConfigurations = (
				F862583D170E86E400C952A6 /* Debug */,
				F862583E170E86E400C952A6 /* Release */,
			);
			defaultConfigurationIsVisible = 0;
			defaultConfigurationName = Release;
		};
/* End XCConfigurationList section */

/* Begin XCVersionGroup section */
		F8625831170E86E400C952A6 /* iFACE.xcdatamodeld */ = {
			isa = XCVersionGroup;
			children = (
				F8625832170E86E400C952A6 /* iFACE.xcdatamodel */,
			);
			currentVersion = F8625832170E86E400C952A6 /* iFACE.xcdatamodel */;
			path = iFACE.xcdatamodeld;
			sourceTree = "<group>";
			versionGroupType = wrapper.xcdatamodel;
		};
/* End XCVersionGroup section */
	};
	rootObject = F8625809170E86E400C952A6 /* Project object */;
}
